
Microsoft Visual Studio Solution File, Format Version 12.00
# Visual Studio 15
VisualStudioVersion = 15.0.27703.2047
MinimumVisualStudioVersion = 10.0.40219.1
Project("{FAE04EC0-301F-11D3-BF4B-00C04F79EFBC}") = "send-message", "send-message\send-message.csproj", "{1FC37F7C-C4B4-4843-B2BB-0FFC5B6AC680}"
EndProject
Project("{FAE04EC0-301F-11D3-BF4B-00C04F79EFBC}") = "worker", "worker\worker.csproj", "{876EB4F1-9F45-49D0-8859-7A274849C2BB}"
EndProject
Global
	GlobalSection(SolutionConfigurationPlatforms) = preSolution
		Debug|Any CPU = Debug|Any CPU
		Release|Any CPU = Release|Any CPU
	EndGlobalSection
	GlobalSection(ProjectConfigurationPlatforms) = postSolution
		{1FC37F7C-C4B4-4843-B2BB-0FFC5B6AC680}.Debug|Any CPU.ActiveCfg = Debug|Any CPU
		{1FC37F7C-C4B4-4843-B2BB-0FFC5B6AC680}.Debug|Any CPU.Build.0 = Debug|Any CPU
		{1FC37F7C-C4B4-4843-B2BB-0FFC5B6AC680}.Release|Any CPU.ActiveCfg = Release|Any CPU
		{1FC37F7C-C4B4-4843-B2BB-0FFC5B6AC680}.Release|Any CPU.Build.0 = Release|Any CPU
		{876EB4F1-9F45-49D0-8859-7A274849C2BB}.Debug|Any CPU.ActiveCfg = Debug|Any CPU
		{876EB4F1-9F45-49D0-8859-7A274849C2BB}.Debug|Any CPU.Build.0 = Debug|Any CPU
		{876EB4F1-9F45-49D0-8859-7A274849C2BB}.Release|Any CPU.ActiveCfg = Release|Any CPU
		{876EB4F1-9F45-49D0-8859-7A274849C2BB}.Release|Any CPU.Build.0 = Release|Any CPU
	EndGlobalSection
	GlobalSection(SolutionProperties) = preSolution
		HideSolutionNode = FALSE
	EndGlobalSection
	GlobalSection(ExtensibilityGlobals) = postSolution
		SolutionGuid = {18DC4F12-2145-4F79-BD02-EDA7AAFBE9AB}
	EndGlobalSection
EndGlobal
